
Microsoft Visual Studio Solution File, Format Version 12.00
# Visual Studio Version 17
VisualStudioVersion = 17.6.33829.357
MinimumVisualStudioVersion = 10.0.40219.1
Project("{FAE04EC0-301F-11D3-BF4B-00C04F79EFBC}") = "Csharp_hinhtron", "Csharp_hinhtron\Csharp_hinhtron.csproj", "{EF14BE9D-C3D1-497C-9F4E-EBD29E872BE0}"
EndProject
Global
	GlobalSection(SolutionConfigurationPlatforms) = preSolution
		Debug|Any CPU = Debug|Any CPU
		Release|Any CPU = Release|Any CPU
	EndGlobalSection
	GlobalSection(ProjectConfigurationPlatforms) = postSolution
		{EF14BE9D-C3D1-497C-9F4E-EBD29E872BE0}.Debug|Any CPU.ActiveCfg = Debug|Any CPU
		{EF14BE9D-C3D1-497C-9F4E-EBD29E872BE0}.Debug|Any CPU.Build.0 = Debug|Any CPU
		{EF14BE9D-C3D1-497C-9F4E-EBD29E872BE0}.Release|Any CPU.ActiveCfg = Release|Any CPU
		{EF14BE9D-C3D1-497C-9F4E-EBD29E872BE0}.Release|Any CPU.Build.0 = Release|Any CPU
	EndGlobalSection
	GlobalSection(SolutionProperties) = preSolution
		HideSolutionNode = FALSE
	EndGlobalSection
	GlobalSection(ExtensibilityGlobals) = postSolution
		SolutionGuid = {9EA034DD-BE04-4693-90DC-1061F66B12D7}
	EndGlobalSection
EndGlobal
